
Microsoft Visual Studio Solution File, Format Version 12.00
# Visual Studio Version 16
VisualStudioVersion = 16.0.30611.23
MinimumVisualStudioVersion = 10.0.40219.1
Project("{FAE04EC0-301F-11D3-BF4B-00C04F79EFBC}") = "OSCP5", "OSCP5.csproj", "{4150919D-1663-4F57-8D08-229777EEFFB0}"
EndProject
Global
	GlobalSection(SolutionConfigurationPlatforms) = preSolution
		Debug|Any CPU = Debug|Any CPU
		Release|Any CPU = Release|Any CPU
	EndGlobalSection
	GlobalSection(ProjectConfigurationPlatforms) = postSolution
		{4150919D-1663-4F57-8D08-229777EEFFB0}.Debug|Any CPU.ActiveCfg = Debug|Any CPU
		{4150919D-1663-4F57-8D08-229777EEFFB0}.Debug|Any CPU.Build.0 = Debug|Any CPU
		{4150919D-1663-4F57-8D08-229777EEFFB0}.Release|Any CPU.ActiveCfg = Release|Any CPU
		{4150919D-1663-4F57-8D08-229777EEFFB0}.Release|Any CPU.Build.0 = Release|Any CPU
	EndGlobalSection
	GlobalSection(SolutionProperties) = preSolution
		HideSolutionNode = FALSE
	EndGlobalSection
	GlobalSection(ExtensibilityGlobals) = postSolution
		SolutionGuid = {0D395982-B72B-4DAF-BB95-D3516E5FC6AC}
	EndGlobalSection
EndGlobal
